
Microsoft Visual Studio Solution File, Format Version 12.00
Project("{2150E333-8FDC-42A3-9474-1A3956D46DE8}") = "src", "src", "{125D7B63-1609-4D72-9AC5-6E2ECCD07BA6}"
EndProject
Project("{FAE04EC0-301F-11D3-BF4B-00C04F79EFBC}") = "SweetMock", "src\SweetMock\SweetMock.csproj", "{A9977AE5-DA97-4BF8-8072-E1E25E2CE63F}"
EndProject
Project("{2150E333-8FDC-42A3-9474-1A3956D46DE8}") = "tests", "tests", "{D6381CBF-E814-4AC7-B7D2-088C2BB5541C}"
EndProject
Project("{FAE04EC0-301F-11D3-BF4B-00C04F79EFBC}") = "SweetMock.UnitTest", "tests\SweetMock.UnitTest\SweetMock.UnitTest.csproj", "{C5C6E443-23BC-4138-A060-EB355B06F721}"
EndProject
Project("{FAE04EC0-301F-11D3-BF4B-00C04F79EFBC}") = "SweetMock.Functionality.Tests", "tests\SweetMock.Functionality.Tests\SweetMock.Functionality.Tests.csproj", "{3D382AB3-91D1-4B3C-83F8-866C7D9A126B}"
EndProject
Global
	GlobalSection(SolutionConfigurationPlatforms) = preSolution
		Debug|Any CPU = Debug|Any CPU
		Release|Any CPU = Release|Any CPU
	EndGlobalSection
	GlobalSection(ProjectConfigurationPlatforms) = postSolution
		{A9977AE5-DA97-4BF8-8072-E1E25E2CE63F}.Debug|Any CPU.ActiveCfg = Debug|Any CPU
		{A9977AE5-DA97-4BF8-8072-E1E25E2CE63F}.Debug|Any CPU.Build.0 = Debug|Any CPU
		{A9977AE5-DA97-4BF8-8072-E1E25E2CE63F}.Release|Any CPU.ActiveCfg = Release|Any CPU
		{A9977AE5-DA97-4BF8-8072-E1E25E2CE63F}.Release|Any CPU.Build.0 = Release|Any CPU
		{C5C6E443-23BC-4138-A060-EB355B06F721}.Debug|Any CPU.ActiveCfg = Debug|Any CPU
		{C5C6E443-23BC-4138-A060-EB355B06F721}.Debug|Any CPU.Build.0 = Debug|Any CPU
		{C5C6E443-23BC-4138-A060-EB355B06F721}.Release|Any CPU.ActiveCfg = Release|Any CPU
		{C5C6E443-23BC-4138-A060-EB355B06F721}.Release|Any CPU.Build.0 = Release|Any CPU
		{3D382AB3-91D1-4B3C-83F8-866C7D9A126B}.Debug|Any CPU.ActiveCfg = Debug|Any CPU
		{3D382AB3-91D1-4B3C-83F8-866C7D9A126B}.Debug|Any CPU.Build.0 = Debug|Any CPU
		{3D382AB3-91D1-4B3C-83F8-866C7D9A126B}.Release|Any CPU.ActiveCfg = Release|Any CPU
		{3D382AB3-91D1-4B3C-83F8-866C7D9A126B}.Release|Any CPU.Build.0 = Release|Any CPU
	EndGlobalSection
	GlobalSection(NestedProjects) = preSolution
		{A9977AE5-DA97-4BF8-8072-E1E25E2CE63F} = {125D7B63-1609-4D72-9AC5-6E2ECCD07BA6}
		{C5C6E443-23BC-4138-A060-EB355B06F721} = {D6381CBF-E814-4AC7-B7D2-088C2BB5541C}
		{3D382AB3-91D1-4B3C-83F8-866C7D9A126B} = {D6381CBF-E814-4AC7-B7D2-088C2BB5541C}
	EndGlobalSection
EndGlobal
