<Solution>
  <Folder Name="/src/">
    <Project Path="src\SweetMock\SweetMock.csproj" Type="Classic C#" />
  </Folder>
  <Folder Name="/tests/">
    <Project Path="tests\SweetMock.BuilderTests\SweetMock.BuilderTests.csproj" Type="Classic C#" />
    <Project Path="tests\SweetMock.Functionality.Tests\SweetMock.Functionality.Tests.csproj" Type="Classic C#" />
    <Project Path="tests\TestSandbox\TestSandbox.csproj" Type="Classic C#" />
  </Folder>
</Solution>